// !$*UTF8*$!
{
	archiveVersion = 1;
	classes = {
	};
	objectVersion = 46;
	objects = {

/* Begin PBXBuildFile section */
		882973831E393F1400F76CDF /* AppDelegate.swift in Sources */ = {isa = PBXBuildFile; fileRef = 882973821E393F1400F76CDF /* AppDelegate.swift */; };
		882973851E393F1400F76CDF /* GameScene.sks in Resources */ = {isa = PBXBuildFile; fileRef = 882973841E393F1400F76CDF /* GameScene.sks */; };
		882973891E393F1400F76CDF /* GameScene.swift in Sources */ = {isa = PBXBuildFile; fileRef = 882973881E393F1400F76CDF /* GameScene.swift */; };
		8829738B1E393F1400F76CDF /* GameViewController.swift in Sources */ = {isa = PBXBuildFile; fileRef = 8829738A1E393F1400F76CDF /* GameViewController.swift */; };
		8829738E1E393F1400F76CDF /* Main.storyboard in Resources */ = {isa = PBXBuildFile; fileRef = 8829738C1E393F1400F76CDF /* Main.storyboard */; };
		882973901E393F1400F76CDF /* Assets.xcassets in Resources */ = {isa = PBXBuildFile; fileRef = 8829738F1E393F1400F76CDF /* Assets.xcassets */; };
		882973931E393F1400F76CDF /* LaunchScreen.storyboard in Resources */ = {isa = PBXBuildFile; fileRef = 882973911E393F1400F76CDF /* LaunchScreen.storyboard */; };
		882973B71E39430300F76CDF /* background.jpg in Resources */ = {isa = PBXBuildFile; fileRef = 8829739B1E39430300F76CDF /* background.jpg */; };
		882973B81E39430300F76CDF /* background@2x.jpg in Resources */ = {isa = PBXBuildFile; fileRef = 8829739C1E39430300F76CDF /* background@2x.jpg */; };
		882973B91E39430300F76CDF /* ballBlue.png in Resources */ = {isa = PBXBuildFile; fileRef = 8829739D1E39430300F76CDF /* ballBlue.png */; };
		882973BA1E39430300F76CDF /* ballBlue@2x.png in Resources */ = {isa = PBXBuildFile; fileRef = 8829739E1E39430300F76CDF /* ballBlue@2x.png */; };
		882973BB1E39430300F76CDF /* ballCyan.png in Resources */ = {isa = PBXBuildFile; fileRef = 8829739F1E39430300F76CDF /* ballCyan.png */; };
		882973BC1E39430300F76CDF /* ballCyan@2x.png in Resources */ = {isa = PBXBuildFile; fileRef = 882973A01E39430300F76CDF /* ballCyan@2x.png */; };
		882973BD1E39430300F76CDF /* ballGreen.png in Resources */ = {isa = PBXBuildFile; fileRef = 882973A11E39430300F76CDF /* ballGreen.png */; };
		882973BE1E39430300F76CDF /* ballGreen@2x.png in Resources */ = {isa = PBXBuildFile; fileRef = 882973A21E39430300F76CDF /* ballGreen@2x.png */; };
		882973BF1E39430300F76CDF /* ballGrey.png in Resources */ = {isa = PBXBuildFile; fileRef = 882973A31E39430300F76CDF /* ballGrey.png */; };
		882973C01E39430300F76CDF /* ballGrey@2x.png in Resources */ = {isa = PBXBuildFile; fileRef = 882973A41E39430300F76CDF /* ballGrey@2x.png */; };
		882973C11E39430300F76CDF /* ballPurple.png in Resources */ = {isa = PBXBuildFile; fileRef = 882973A51E39430300F76CDF /* ballPurple.png */; };
		882973C21E39430300F76CDF /* ballPurple@2x.png in Resources */ = {isa = PBXBuildFile; fileRef = 882973A61E39430300F76CDF /* ballPurple@2x.png */; };
		882973C31E39430300F76CDF /* ballRed.png in Resources */ = {isa = PBXBuildFile; fileRef = 882973A71E39430300F76CDF /* ballRed.png */; };
		882973C41E39430300F76CDF /* ballRed@2x.png in Resources */ = {isa = PBXBuildFile; fileRef = 882973A81E39430300F76CDF /* ballRed@2x.png */; };
		882973C51E39430300F76CDF /* ballYellow.png in Resources */ = {isa = PBXBuildFile; fileRef = 882973A91E39430300F76CDF /* ballYellow.png */; };
		882973C61E39430300F76CDF /* ballYellow@2x.png in Resources */ = {isa = PBXBuildFile; fileRef = 882973AA1E39430300F76CDF /* ballYellow@2x.png */; };
		882973C71E39430300F76CDF /* bouncer.png in Resources */ = {isa = PBXBuildFile; fileRef = 882973AB1E39430300F76CDF /* bouncer.png */; };
		882973C81E39430300F76CDF /* bouncer@2x.png in Resources */ = {isa = PBXBuildFile; fileRef = 882973AC1E39430300F76CDF /* bouncer@2x.png */; };
		882973C91E39430300F76CDF /* FireParticles.sks in Resources */ = {isa = PBXBuildFile; fileRef = 882973AD1E39430300F76CDF /* FireParticles.sks */; };
		882973CA1E39430300F76CDF /* slotBaseBad.png in Resources */ = {isa = PBXBuildFile; fileRef = 882973AE1E39430300F76CDF /* slotBaseBad.png */; };
		882973CB1E39430300F76CDF /* slotBaseBad@2x.png in Resources */ = {isa = PBXBuildFile; fileRef = 882973AF1E39430300F76CDF /* slotBaseBad@2x.png */; };
		882973CC1E39430300F76CDF /* slotBaseGood.png in Resources */ = {isa = PBXBuildFile; fileRef = 882973B01E39430300F76CDF /* slotBaseGood.png */; };
		882973CD1E39430300F76CDF /* slotBaseGood@2x.png in Resources */ = {isa = PBXBuildFile; fileRef = 882973B11E39430300F76CDF /* slotBaseGood@2x.png */; };
		882973CE1E39430300F76CDF /* slotGlowBad.png in Resources */ = {isa = PBXBuildFile; fileRef = 882973B21E39430300F76CDF /* slotGlowBad.png */; };
		882973CF1E39430300F76CDF /* slotGlowBad@2x.png in Resources */ = {isa = PBXBuildFile; fileRef = 882973B31E39430300F76CDF /* slotGlowBad@2x.png */; };
		882973D01E39430300F76CDF /* slotGlowGood.png in Resources */ = {isa = PBXBuildFile; fileRef = 882973B41E39430300F76CDF /* slotGlowGood.png */; };
		882973D11E39430300F76CDF /* slotGlowGood@2x.png in Resources */ = {isa = PBXBuildFile; fileRef = 882973B51E39430300F76CDF /* slotGlowGood@2x.png */; };
		882973D21E39430300F76CDF /* spark.png in Resources */ = {isa = PBXBuildFile; fileRef = 882973B61E39430300F76CDF /* spark.png */; };
		882973D41E39615B00F76CDF /* Helper.swift in Sources */ = {isa = PBXBuildFile; fileRef = 882973D31E39615B00F76CDF /* Helper.swift */; };
/* End PBXBuildFile section */

/* Begin PBXFileReference section */
		8829737F1E393F1400F76CDF /* Pachinko.app */ = {isa = PBXFileReference; explicitFileType = wrapper.application; includeInIndex = 0; path = Pachinko.app; sourceTree = BUILT_PRODUCTS_DIR; };
		882973821E393F1400F76CDF /* AppDelegate.swift */ = {isa = PBXFileReference; lastKnownFileType = sourcecode.swift; path = AppDelegate.swift; sourceTree = "<group>"; };
		882973841E393F1400F76CDF /* GameScene.sks */ = {isa = PBXFileReference; lastKnownFileType = file.sks; path = GameScene.sks; sourceTree = "<group>"; };
		882973881E393F1400F76CDF /* GameScene.swift */ = {isa = PBXFileReference; lastKnownFileType = sourcecode.swift; path = GameScene.swift; sourceTree = "<group>"; };
		8829738A1E393F1400F76CDF /* GameViewController.swift */ = {isa = PBXFileReference; lastKnownFileType = sourcecode.swift; path = GameViewController.swift; sourceTree = "<group>"; };
		8829738D1E393F1400F76CDF /* Base */ = {isa = PBXFileReference; lastKnownFileType = file.storyboard; name = Base; path = Base.lproj/Main.storyboard; sourceTree = "<group>"; };
		8829738F1E393F1400F76CDF /* Assets.xcassets */ = {isa = PBXFileReference; lastKnownFileType = folder.assetcatalog; path = Assets.xcassets; sourceTree = "<group>"; };
		882973921E393F1400F76CDF /* Base */ = {isa = PBXFileReference; lastKnownFileType = file.storyboard; name = Base; path = Base.lproj/LaunchScreen.storyboard; sourceTree = "<group>"; };
		882973941E393F1400F76CDF /* Info.plist */ = {isa = PBXFileReference; lastKnownFileType = text.plist.xml; path = Info.plist; sourceTree = "<group>"; };
		8829739B1E39430300F76CDF /* background.jpg */ = {isa = PBXFileReference; lastKnownFileType = image.jpeg; path = background.jpg; sourceTree = "<group>"; };
		8829739C1E39430300F76CDF /* background@2x.jpg */ = {isa = PBXFileReference; lastKnownFileType = image.jpeg; path = "background@2x.jpg"; sourceTree = "<group>"; };
		8829739D1E39430300F76CDF /* ballBlue.png */ = {isa = PBXFileReference; lastKnownFileType = image.png; path = ballBlue.png; sourceTree = "<group>"; };
		8829739E1E39430300F76CDF /* ballBlue@2x.png */ = {isa = PBXFileReference; lastKnownFileType = image.png; path = "ballBlue@2x.png"; sourceTree = "<group>"; };
		8829739F1E39430300F76CDF /* ballCyan.png */ = {isa = PBXFileReference; lastKnownFileType = image.png; path = ballCyan.png; sourceTree = "<group>"; };
		882973A01E39430300F76CDF /* ballCyan@2x.png */ = {isa = PBXFileReference; lastKnownFileType = image.png; path = "ballCyan@2x.png"; sourceTree = "<group>"; };
		882973A11E39430300F76CDF /* ballGreen.png */ = {isa = PBXFileReference; lastKnownFileType = image.png; path = ballGreen.png; sourceTree = "<group>"; };
		882973A21E39430300F76CDF /* ballGreen@2x.png */ = {isa = PBXFileReference; lastKnownFileType = image.png; path = "ballGreen@2x.png"; sourceTree = "<group>"; };
		882973A31E39430300F76CDF /* ballGrey.png */ = {isa = PBXFileReference; lastKnownFileType = image.png; path = ballGrey.png; sourceTree = "<group>"; };
		882973A41E39430300F76CDF /* ballGrey@2x.png */ = {isa = PBXFileReference; lastKnownFileType = image.png; path = "ballGrey@2x.png"; sourceTree = "<group>"; };
		882973A51E39430300F76CDF /* ballPurple.png */ = {isa = PBXFileReference; lastKnownFileType = image.png; path = ballPurple.png; sourceTree = "<group>"; };
		882973A61E39430300F76CDF /* ballPurple@2x.png */ = {isa = PBXFileReference; lastKnownFileType = image.png; path = "ballPurple@2x.png"; sourceTree = "<group>"; };
		882973A71E39430300F76CDF /* ballRed.png */ = {isa = PBXFileReference; lastKnownFileType = image.png; path = ballRed.png; sourceTree = "<group>"; };
		882973A81E39430300F76CDF /* ballRed@2x.png */ = {isa = PBXFileReference; lastKnownFileType = image.png; path = "ballRed@2x.png"; sourceTree = "<group>"; };
		882973A91E39430300F76CDF /* ballYellow.png */ = {isa = PBXFileReference; lastKnownFileType = image.png; path = ballYellow.png; sourceTree = "<group>"; };
		882973AA1E39430300F76CDF /* ballYellow@2x.png */ = {isa = PBXFileReference; lastKnownFileType = image.png; path = "ballYellow@2x.png"; sourceTree = "<group>"; };
		882973AB1E39430300F76CDF /* bouncer.png */ = {isa = PBXFileReference; lastKnownFileType = image.png; path = bouncer.png; sourceTree = "<group>"; };
		882973AC1E39430300F76CDF /* bouncer@2x.png */ = {isa = PBXFileReference; lastKnownFileType = image.png; path = "bouncer@2x.png"; sourceTree = "<group>"; };
		882973AD1E39430300F76CDF /* FireParticles.sks */ = {isa = PBXFileReference; lastKnownFileType = file.sks; path = FireParticles.sks; sourceTree = "<group>"; };
		882973AE1E39430300F76CDF /* slotBaseBad.png */ = {isa = PBXFileReference; lastKnownFileType = image.png; path = slotBaseBad.png; sourceTree = "<group>"; };
		882973AF1E39430300F76CDF /* slotBaseBad@2x.png */ = {isa = PBXFileReference; lastKnownFileType = image.png; path = "slotBaseBad@2x.png"; sourceTree = "<group>"; };
		882973B01E39430300F76CDF /* slotBaseGood.png */ = {isa = PBXFileReference; lastKnownFileType = image.png; path = slotBaseGood.png; sourceTree = "<group>"; };
		882973B11E39430300F76CDF /* slotBaseGood@2x.png */ = {isa = PBXFileReference; lastKnownFileType = image.png; path = "slotBaseGood@2x.png"; sourceTree = "<group>"; };
		882973B21E39430300F76CDF /* slotGlowBad.png */ = {isa = PBXFileReference; lastKnownFileType = image.png; path = slotGlowBad.png; sourceTree = "<group>"; };
		882973B31E39430300F76CDF /* slotGlowBad@2x.png */ = {isa = PBXFileReference; lastKnownFileType = image.png; path = "slotGlowBad@2x.png"; sourceTree = "<group>"; };
		882973B41E39430300F76CDF /* slotGlowGood.png */ = {isa = PBXFileReference; lastKnownFileType = image.png; path = slotGlowGood.png; sourceTree = "<group>"; };
		882973B51E39430300F76CDF /* slotGlowGood@2x.png */ = {isa = PBXFileReference; lastKnownFileType = image.png; path = "slotGlowGood@2x.png"; sourceTree = "<group>"; };
		882973B61E39430300F76CDF /* spark.png */ = {isa = PBXFileReference; lastKnownFileType = image.png; path = spark.png; sourceTree = "<group>"; };
		882973D31E39615B00F76CDF /* Helper.swift */ = {isa = PBXFileReference; fileEncoding = 4; lastKnownFileType = sourcecode.swift; path = Helper.swift; sourceTree = "<group>"; };
/* End PBXFileReference section */

/* Begin PBXFrameworksBuildPhase section */
		8829737C1E393F1400F76CDF /* Frameworks */ = {
			isa = PBXFrameworksBuildPhase;
			buildActionMask = 2147483647;
			files = (
			);
			runOnlyForDeploymentPostprocessing = 0;
		};
/* End PBXFrameworksBuildPhase section */

/* Begin PBXGroup section */
		882973761E393F1400F76CDF = {
			isa = PBXGroup;
			children = (
				882973811E393F1400F76CDF /* Pachinko */,
				882973801E393F1400F76CDF /* Products */,
			);
			sourceTree = "<group>";
		};
		882973801E393F1400F76CDF /* Products */ = {
			isa = PBXGroup;
			children = (
				8829737F1E393F1400F76CDF /* Pachinko.app */,
			);
			name = Products;
			sourceTree = "<group>";
		};
		882973811E393F1400F76CDF /* Pachinko */ = {
			isa = PBXGroup;
			children = (
				882973821E393F1400F76CDF /* AppDelegate.swift */,
				882973841E393F1400F76CDF /* GameScene.sks */,
				882973881E393F1400F76CDF /* GameScene.swift */,
				8829739A1E39430300F76CDF /* Content */,
				8829738A1E393F1400F76CDF /* GameViewController.swift */,
				8829738C1E393F1400F76CDF /* Main.storyboard */,
				8829738F1E393F1400F76CDF /* Assets.xcassets */,
				882973D31E39615B00F76CDF /* Helper.swift */,
				882973911E393F1400F76CDF /* LaunchScreen.storyboard */,
				882973941E393F1400F76CDF /* Info.plist */,
			);
			path = Pachinko;
			sourceTree = "<group>";
		};
		8829739A1E39430300F76CDF /* Content */ = {
			isa = PBXGroup;
			children = (
				8829739B1E39430300F76CDF /* background.jpg */,
				8829739C1E39430300F76CDF /* background@2x.jpg */,
				8829739D1E39430300F76CDF /* ballBlue.png */,
				8829739E1E39430300F76CDF /* ballBlue@2x.png */,
				8829739F1E39430300F76CDF /* ballCyan.png */,
				882973A01E39430300F76CDF /* ballCyan@2x.png */,
				882973A11E39430300F76CDF /* ballGreen.png */,
				882973A21E39430300F76CDF /* ballGreen@2x.png */,
				882973A31E39430300F76CDF /* ballGrey.png */,
				882973A41E39430300F76CDF /* ballGrey@2x.png */,
				882973A51E39430300F76CDF /* ballPurple.png */,
				882973A61E39430300F76CDF /* ballPurple@2x.png */,
				882973A71E39430300F76CDF /* ballRed.png */,
				882973A81E39430300F76CDF /* ballRed@2x.png */,
				882973A91E39430300F76CDF /* ballYellow.png */,
				882973AA1E39430300F76CDF /* ballYellow@2x.png */,
				882973AB1E39430300F76CDF /* bouncer.png */,
				882973AC1E39430300F76CDF /* bouncer@2x.png */,
				882973AD1E39430300F76CDF /* FireParticles.sks */,
				882973AE1E39430300F76CDF /* slotBaseBad.png */,
				882973AF1E39430300F76CDF /* slotBaseBad@2x.png */,
				882973B01E39430300F76CDF /* slotBaseGood.png */,
				882973B11E39430300F76CDF /* slotBaseGood@2x.png */,
				882973B21E39430300F76CDF /* slotGlowBad.png */,
				882973B31E39430300F76CDF /* slotGlowBad@2x.png */,
				882973B41E39430300F76CDF /* slotGlowGood.png */,
				882973B51E39430300F76CDF /* slotGlowGood@2x.png */,
				882973B61E39430300F76CDF /* spark.png */,
			);
			path = Content;
			sourceTree = "<group>";
		};
/* End PBXGroup section */

/* Begin PBXNativeTarget section */
		8829737E1E393F1400F76CDF /* Pachinko */ = {
			isa = PBXNativeTarget;
			buildConfigurationList = 882973971E393F1400F76CDF /* Build configuration list for PBXNativeTarget "Pachinko" */;
			buildPhases = (
				8829737B1E393F1400F76CDF /* Sources */,
				8829737C1E393F1400F76CDF /* Frameworks */,
				8829737D1E393F1400F76CDF /* Resources */,
			);
			buildRules = (
			);
			dependencies = (
			);
			name = Pachinko;
			productName = Pachinko;
			productReference = 8829737F1E393F1400F76CDF /* Pachinko.app */;
			productType = "com.apple.product-type.application";
		};
/* End PBXNativeTarget section */

/* Begin PBXProject section */
		882973771E393F1400F76CDF /* Project object */ = {
			isa = PBXProject;
			attributes = {
				LastSwiftUpdateCheck = 0820;
				LastUpgradeCheck = 0820;
				ORGANIZATIONNAME = "Ilija Eftimov";
				TargetAttributes = {
					8829737E1E393F1400F76CDF = {
						CreatedOnToolsVersion = 8.2.1;
						DevelopmentTeam = 78R54462Z6;
						ProvisioningStyle = Automatic;
					};
				};
			};
			buildConfigurationList = 8829737A1E393F1400F76CDF /* Build configuration list for PBXProject "Pachinko" */;
			compatibilityVersion = "Xcode 3.2";
			developmentRegion = English;
			hasScannedForEncodings = 0;
			knownRegions = (
				en,
				Base,
			);
			mainGroup = 882973761E393F1400F76CDF;
			productRefGroup = 882973801E393F1400F76CDF /* Products */;
			projectDirPath = "";
			projectRoot = "";
			targets = (
				8829737E1E393F1400F76CDF /* Pachinko */,
			);
		};
/* End PBXProject section */

/* Begin PBXResourcesBuildPhase section */
		8829737D1E393F1400F76CDF /* Resources */ = {
			isa = PBXResourcesBuildPhase;
			buildActionMask = 2147483647;
			files = (
				882973C01E39430300F76CDF /* ballGrey@2x.png in Resources */,
				882973C21E39430300F76CDF /* ballPurple@2x.png in Resources */,
				882973CF1E39430300F76CDF /* slotGlowBad@2x.png in Resources */,
				882973BB1E39430300F76CDF /* ballCyan.png in Resources */,
				882973CC1E39430300F76CDF /* slotBaseGood.png in Resources */,
				8829738E1E393F1400F76CDF /* Main.storyboard in Resources */,
				882973B91E39430300F76CDF /* ballBlue.png in Resources */,
				882973D01E39430300F76CDF /* slotGlowGood.png in Resources */,
				882973CB1E39430300F76CDF /* slotBaseBad@2x.png in Resources */,
				882973C61E39430300F76CDF /* ballYellow@2x.png in Resources */,
				882973CA1E39430300F76CDF /* slotBaseBad.png in Resources */,
				882973B71E39430300F76CDF /* background.jpg in Resources */,
				882973CD1E39430300F76CDF /* slotBaseGood@2x.png in Resources */,
				882973C81E39430300F76CDF /* bouncer@2x.png in Resources */,
				882973C31E39430300F76CDF /* ballRed.png in Resources */,
				882973C91E39430300F76CDF /* FireParticles.sks in Resources */,
				882973C41E39430300F76CDF /* ballRed@2x.png in Resources */,
				882973851E393F1400F76CDF /* GameScene.sks in Resources */,
				882973CE1E39430300F76CDF /* slotGlowBad.png in Resources */,
				882973901E393F1400F76CDF /* Assets.xcassets in Resources */,
				882973C51E39430300F76CDF /* ballYellow.png in Resources */,
				882973C71E39430300F76CDF /* bouncer.png in Resources */,
				882973BD1E39430300F76CDF /* ballGreen.png in Resources */,
				882973B81E39430300F76CDF /* background@2x.jpg in Resources */,
				882973931E393F1400F76CDF /* LaunchScreen.storyboard in Resources */,
				882973BF1E39430300F76CDF /* ballGrey.png in Resources */,
				882973BE1E39430300F76CDF /* ballGreen@2x.png in Resources */,
				882973BC1E39430300F76CDF /* ballCyan@2x.png in Resources */,
				882973D11E39430300F76CDF /* slotGlowGood@2x.png in Resources */,
				882973D21E39430300F76CDF /* spark.png in Resources */,
				882973C11E39430300F76CDF /* ballPurple.png in Resources */,
				882973BA1E39430300F76CDF /* ballBlue@2x.png in Resources */,
			);
			runOnlyForDeploymentPostprocessing = 0;
		};
/* End PBXResourcesBuildPhase section */

/* Begin PBXSourcesBuildPhase section */
		8829737B1E393F1400F76CDF /* Sources */ = {
			isa = PBXSourcesBuildPhase;
			buildActionMask = 2147483647;
			files = (
				882973891E393F1400F76CDF /* GameScene.swift in Sources */,
				8829738B1E393F1400F76CDF /* GameViewController.swift in Sources */,
				882973831E393F1400F76CDF /* AppDelegate.swift in Sources */,
				882973D41E39615B00F76CDF /* Helper.swift in Sources */,
			);
			runOnlyForDeploymentPostprocessing = 0;
		};
/* End PBXSourcesBuildPhase section */

/* Begin PBXVariantGroup section */
		8829738C1E393F1400F76CDF /* Main.storyboard */ = {
			isa = PBXVariantGroup;
			children = (
				8829738D1E393F1400F76CDF /* Base */,
			);
			name = Main.storyboard;
			sourceTree = "<group>";
		};
		882973911E393F1400F76CDF /* LaunchScreen.storyboard */ = {
			isa = PBXVariantGroup;
			children = (
				882973921E393F1400F76CDF /* Base */,
			);
			name = LaunchScreen.storyboard;
			sourceTree = "<group>";
		};
/* End PBXVariantGroup section */

/* Begin XCBuildConfiguration section */
		882973951E393F1400F76CDF /* Debug */ = {
			isa = XCBuildConfiguration;
			buildSettings = {
				ALWAYS_SEARCH_USER_PATHS = NO;
				CLANG_ANALYZER_NONNULL = YES;
				CLANG_CXX_LANGUAGE_STANDARD = "gnu++0x";
				CLANG_CXX_LIBRARY = "libc++";
				CLANG_ENABLE_MODULES = YES;
				CLANG_ENABLE_OBJC_ARC = YES;
				CLANG_WARN_BOOL_CONVERSION = YES;
				CLANG_WARN_CONSTANT_CONVERSION = YES;
				CLANG_WARN_DIRECT_OBJC_ISA_USAGE = YES_ERROR;
				CLANG_WARN_DOCUMENTATION_COMMENTS = YES;
				CLANG_WARN_EMPTY_BODY = YES;
				CLANG_WARN_ENUM_CONVERSION = YES;
				CLANG_WARN_INFINITE_RECURSION = YES;
				CLANG_WARN_INT_CONVERSION = YES;
				CLANG_WARN_OBJC_ROOT_CLASS = YES_ERROR;
				CLANG_WARN_SUSPICIOUS_MOVE = YES;
				CLANG_WARN_UNREACHABLE_CODE = YES;
				CLANG_WARN__DUPLICATE_METHOD_MATCH = YES;
				"CODE_SIGN_IDENTITY[sdk=iphoneos*]" = "iPhone Developer";
				COPY_PHASE_STRIP = NO;
				DEBUG_INFORMATION_FORMAT = dwarf;
				ENABLE_STRICT_OBJC_MSGSEND = YES;
				ENABLE_TESTABILITY = YES;
				GCC_C_LANGUAGE_STANDARD = gnu99;
				GCC_DYNAMIC_NO_PIC = NO;
				GCC_NO_COMMON_BLOCKS = YES;
				GCC_OPTIMIZATION_LEVEL = 0;
				GCC_PREPROCESSOR_DEFINITIONS = (
					"DEBUG=1",
					"$(inherited)",
				);
				GCC_WARN_64_TO_32_BIT_CONVERSION = YES;
				GCC_WARN_ABOUT_RETURN_TYPE = YES_ERROR;
				GCC_WARN_UNDECLARED_SELECTOR = YES;
				GCC_WARN_UNINITIALIZED_AUTOS = YES_AGGRESSIVE;
				GCC_WARN_UNUSED_FUNCTION = YES;
				GCC_WARN_UNUSED_VARIABLE = YES;
				IPHONEOS_DEPLOYMENT_TARGET = 10.2;
				MTL_ENABLE_DEBUG_INFO = YES;
				ONLY_ACTIVE_ARCH = YES;
				SDKROOT = iphoneos;
				SWIFT_ACTIVE_COMPILATION_CONDITIONS = DEBUG;
				SWIFT_OPTIMIZATION_LEVEL = "-Onone";
				TARGETED_DEVICE_FAMILY = 2;
			};
			name = Debug;
		};
		882973961E393F1400F76CDF /* Release */ = {
			isa = XCBuildConfiguration;
			buildSettings = {
				ALWAYS_SEARCH_USER_PATHS = NO;
				CLANG_ANALYZER_NONNULL = YES;
				CLANG_CXX_LANGUAGE_STANDARD = "gnu++0x";
				CLANG_CXX_LIBRARY = "libc++";
				CLANG_ENABLE_MODULES = YES;
				CLANG_ENABLE_OBJC_ARC = YES;
				CLANG_WARN_BOOL_CONVERSION = YES;
				CLANG_WARN_CONSTANT_CONVERSION = YES;
				CLANG_WARN_DIRECT_OBJC_ISA_USAGE = YES_ERROR;
				CLANG_WARN_DOCUMENTATION_COMMENTS = YES;
				CLANG_WARN_EMPTY_BODY = YES;
				CLANG_WARN_ENUM_CONVERSION = YES;
				CLANG_WARN_INFINITE_RECURSION = YES;
				CLANG_WARN_INT_CONVERSION = YES;
				CLANG_WARN_OBJC_ROOT_CLASS = YES_ERROR;
				CLANG_WARN_SUSPICIOUS_MOVE = YES;
				CLANG_WARN_UNREACHABLE_CODE = YES;
				CLANG_WARN__DUPLICATE_METHOD_MATCH = YES;
				"CODE_SIGN_IDENTITY[sdk=iphoneos*]" = "iPhone Developer";
				COPY_PHASE_STRIP = NO;
				DEBUG_INFORMATION_FORMAT = "dwarf-with-dsym";
				ENABLE_NS_ASSERTIONS = NO;
				ENABLE_STRICT_OBJC_MSGSEND = YES;
				GCC_C_LANGUAGE_STANDARD = gnu99;
				GCC_NO_COMMON_BLOCKS = YES;
				GCC_WARN_64_TO_32_BIT_CONVERSION = YES;
				GCC_WARN_ABOUT_RETURN_TYPE = YES_ERROR;
				GCC_WARN_UNDECLARED_SELECTOR = YES;
				GCC_WARN_UNINITIALIZED_AUTOS = YES_AGGRESSIVE;
				GCC_WARN_UNUSED_FUNCTION = YES;
				GCC_WARN_UNUSED_VARIABLE = YES;
				IPHONEOS_DEPLOYMENT_TARGET = 10.2;
				MTL_ENABLE_DEBUG_INFO = NO;
				SDKROOT = iphoneos;
				SWIFT_OPTIMIZATION_LEVEL = "-Owholemodule";
				TARGETED_DEVICE_FAMILY = 2;
				VALIDATE_PRODUCT = YES;
			};
			name = Release;
		};
		882973981E393F1400F76CDF /* Debug */ = {
			isa = XCBuildConfiguration;
			buildSettings = {
				ASSETCATALOG_COMPILER_APPICON_NAME = AppIcon;
				DEVELOPMENT_TEAM = 78R54462Z6;
				INFOPLIST_FILE = Pachinko/Info.plist;
				LD_RUNPATH_SEARCH_PATHS = "$(inherited) @executable_path/Frameworks";
				PRODUCT_BUNDLE_IDENTIFIER = com.ieftimov.Pachinko;
				PRODUCT_NAME = "$(TARGET_NAME)";
				SWIFT_VERSION = 3.0;
			};
			name = Debug;
		};
		882973991E393F1400F76CDF /* Release */ = {
			isa = XCBuildConfiguration;
			buildSettings = {
				ASSETCATALOG_COMPILER_APPICON_NAME = AppIcon;
				DEVELOPMENT_TEAM = 78R54462Z6;
				INFOPLIST_FILE = Pachinko/Info.plist;
				LD_RUNPATH_SEARCH_PATHS = "$(inherited) @executable_path/Frameworks";
				PRODUCT_BUNDLE_IDENTIFIER = com.ieftimov.Pachinko;
				PRODUCT_NAME = "$(TARGET_NAME)";
				SWIFT_VERSION = 3.0;
			};
			name = Release;
		};
/* End XCBuildConfiguration section */

/* Begin XCConfigurationList section */
		8829737A1E393F1400F76CDF /* Build configuration list for PBXProject "Pachinko" */ = {
			isa = XCConfigurationList;
			buildConfigurations = (
				882973951E393F1400F76CDF /* Debug */,
				882973961E393F1400F76CDF /* Release */,
			);
			defaultConfigurationIsVisible = 0;
			defaultConfigurationName = Release;
		};
		882973971E393F1400F76CDF /* Build configuration list for PBXNativeTarget "Pachinko" */ = {
			isa = XCConfigurationList;
			buildConfigurations = (
				882973981E393F1400F76CDF /* Debug */,
				882973991E393F1400F76CDF /* Release */,
			);
			defaultConfigurationIsVisible = 0;
		};
/* End XCConfigurationList section */
	};
	rootObject = 882973771E393F1400F76CDF /* Project object */;
}
